
Microsoft Visual Studio Solution File, Format Version 12.00
# Visual Studio Version 17
VisualStudioVersion = 17.6.33723.286
MinimumVisualStudioVersion = 10.0.40219.1
Project("{FAE04EC0-301F-11D3-BF4B-00C04F79EFBC}") = "NutriTEC_MobileApp.Android", "NutriTEC_MobileApp\NutriTEC_MobileApp.Android\NutriTEC_MobileApp.Android.csproj", "{B0561406-EFB6-4CF4-AD35-693790FD60D1}"
EndProject
Project("{FAE04EC0-301F-11D3-BF4B-00C04F79EFBC}") = "NutriTEC_MobileApp.iOS", "NutriTEC_MobileApp\NutriTEC_MobileApp.iOS\NutriTEC_MobileApp.iOS.csproj", "{FA6DDC4D-C62B-442D-8A6F-C33C6572079A}"
EndProject
Project("{FAE04EC0-301F-11D3-BF4B-00C04F79EFBC}") = "NutriTEC_MobileApp", "NutriTEC_MobileApp\NutriTEC_MobileApp\NutriTEC_MobileApp.csproj", "{B0E431C7-2A5B-4701-A2C3-2E237947EFFA}"
EndProject
Global
	GlobalSection(SolutionConfigurationPlatforms) = preSolution
		Debug|Any CPU = Debug|Any CPU
		Debug|iPhone = Debug|iPhone
		Debug|iPhoneSimulator = Debug|iPhoneSimulator
		Release|Any CPU = Release|Any CPU
		Release|iPhone = Release|iPhone
		Release|iPhoneSimulator = Release|iPhoneSimulator
	EndGlobalSection
	GlobalSection(ProjectConfigurationPlatforms) = postSolution
		{B0561406-EFB6-4CF4-AD35-693790FD60D1}.Debug|Any CPU.ActiveCfg = Debug|Any CPU
		{B0561406-EFB6-4CF4-AD35-693790FD60D1}.Debug|Any CPU.Build.0 = Debug|Any CPU
		{B0561406-EFB6-4CF4-AD35-693790FD60D1}.Debug|Any CPU.Deploy.0 = Debug|Any CPU
		{B0561406-EFB6-4CF4-AD35-693790FD60D1}.Debug|iPhone.ActiveCfg = Debug|Any CPU
		{B0561406-EFB6-4CF4-AD35-693790FD60D1}.Debug|iPhone.Build.0 = Debug|Any CPU
		{B0561406-EFB6-4CF4-AD35-693790FD60D1}.Debug|iPhone.Deploy.0 = Debug|Any CPU
		{B0561406-EFB6-4CF4-AD35-693790FD60D1}.Debug|iPhoneSimulator.ActiveCfg = Debug|Any CPU
		{B0561406-EFB6-4CF4-AD35-693790FD60D1}.Debug|iPhoneSimulator.Build.0 = Debug|Any CPU
		{B0561406-EFB6-4CF4-AD35-693790FD60D1}.Debug|iPhoneSimulator.Deploy.0 = Debug|Any CPU
		{B0561406-EFB6-4CF4-AD35-693790FD60D1}.Release|Any CPU.ActiveCfg = Release|Any CPU
		{B0561406-EFB6-4CF4-AD35-693790FD60D1}.Release|Any CPU.Build.0 = Release|Any CPU
		{B0561406-EFB6-4CF4-AD35-693790FD60D1}.Release|Any CPU.Deploy.0 = Release|Any CPU
		{B0561406-EFB6-4CF4-AD35-693790FD60D1}.Release|iPhone.ActiveCfg = Release|Any CPU
		{B0561406-EFB6-4CF4-AD35-693790FD60D1}.Release|iPhone.Build.0 = Release|Any CPU
		{B0561406-EFB6-4CF4-AD35-693790FD60D1}.Release|iPhone.Deploy.0 = Release|Any CPU
		{B0561406-EFB6-4CF4-AD35-693790FD60D1}.Release|iPhoneSimulator.ActiveCfg = Release|Any CPU
		{B0561406-EFB6-4CF4-AD35-693790FD60D1}.Release|iPhoneSimulator.Build.0 = Release|Any CPU
		{B0561406-EFB6-4CF4-AD35-693790FD60D1}.Release|iPhoneSimulator.Deploy.0 = Release|Any CPU
		{FA6DDC4D-C62B-442D-8A6F-C33C6572079A}.Debug|Any CPU.ActiveCfg = Debug|iPhone
		{FA6DDC4D-C62B-442D-8A6F-C33C6572079A}.Debug|Any CPU.Build.0 = Debug|iPhone
		{FA6DDC4D-C62B-442D-8A6F-C33C6572079A}.Debug|Any CPU.Deploy.0 = Debug|iPhone
		{FA6DDC4D-C62B-442D-8A6F-C33C6572079A}.Debug|iPhone.ActiveCfg = Debug|iPhone
		{FA6DDC4D-C62B-442D-8A6F-C33C6572079A}.Debug|iPhone.Build.0 = Debug|iPhone
		{FA6DDC4D-C62B-442D-8A6F-C33C6572079A}.Debug|iPhone.Deploy.0 = Debug|iPhone
		{FA6DDC4D-C62B-442D-8A6F-C33C6572079A}.Debug|iPhoneSimulator.ActiveCfg = Debug|iPhoneSimulator
		{FA6DDC4D-C62B-442D-8A6F-C33C6572079A}.Debug|iPhoneSimulator.Build.0 = Debug|iPhoneSimulator
		{FA6DDC4D-C62B-442D-8A6F-C33C6572079A}.Debug|iPhoneSimulator.Deploy.0 = Debug|iPhoneSimulator
		{FA6DDC4D-C62B-442D-8A6F-C33C6572079A}.Release|Any CPU.ActiveCfg = Release|iPhoneSimulator
		{FA6DDC4D-C62B-442D-8A6F-C33C6572079A}.Release|Any CPU.Build.0 = Release|iPhoneSimulator
		{FA6DDC4D-C62B-442D-8A6F-C33C6572079A}.Release|Any CPU.Deploy.0 = Release|iPhoneSimulator
		{FA6DDC4D-C62B-442D-8A6F-C33C6572079A}.Release|iPhone.ActiveCfg = Release|iPhone
		{FA6DDC4D-C62B-442D-8A6F-C33C6572079A}.Release|iPhone.Build.0 = Release|iPhone
		{FA6DDC4D-C62B-442D-8A6F-C33C6572079A}.Release|iPhone.Deploy.0 = Release|iPhone
		{FA6DDC4D-C62B-442D-8A6F-C33C6572079A}.Release|iPhoneSimulator.ActiveCfg = Release|iPhoneSimulator
		{FA6DDC4D-C62B-442D-8A6F-C33C6572079A}.Release|iPhoneSimulator.Build.0 = Release|iPhoneSimulator
		{FA6DDC4D-C62B-442D-8A6F-C33C6572079A}.Release|iPhoneSimulator.Deploy.0 = Release|iPhoneSimulator
		{B0E431C7-2A5B-4701-A2C3-2E237947EFFA}.Debug|Any CPU.ActiveCfg = Debug|Any CPU
		{B0E431C7-2A5B-4701-A2C3-2E237947EFFA}.Debug|Any CPU.Build.0 = Debug|Any CPU
		{B0E431C7-2A5B-4701-A2C3-2E237947EFFA}.Debug|Any CPU.Deploy.0 = Debug|Any CPU
		{B0E431C7-2A5B-4701-A2C3-2E237947EFFA}.Debug|iPhone.ActiveCfg = Debug|Any CPU
		{B0E431C7-2A5B-4701-A2C3-2E237947EFFA}.Debug|iPhone.Build.0 = Debug|Any CPU
		{B0E431C7-2A5B-4701-A2C3-2E237947EFFA}.Debug|iPhone.Deploy.0 = Debug|Any CPU
		{B0E431C7-2A5B-4701-A2C3-2E237947EFFA}.Debug|iPhoneSimulator.ActiveCfg = Debug|Any CPU
		{B0E431C7-2A5B-4701-A2C3-2E237947EFFA}.Debug|iPhoneSimulator.Build.0 = Debug|Any CPU
		{B0E431C7-2A5B-4701-A2C3-2E237947EFFA}.Debug|iPhoneSimulator.Deploy.0 = Debug|Any CPU
		{B0E431C7-2A5B-4701-A2C3-2E237947EFFA}.Release|Any CPU.ActiveCfg = Release|Any CPU
		{B0E431C7-2A5B-4701-A2C3-2E237947EFFA}.Release|Any CPU.Build.0 = Release|Any CPU
		{B0E431C7-2A5B-4701-A2C3-2E237947EFFA}.Release|Any CPU.Deploy.0 = Release|Any CPU
		{B0E431C7-2A5B-4701-A2C3-2E237947EFFA}.Release|iPhone.ActiveCfg = Release|Any CPU
		{B0E431C7-2A5B-4701-A2C3-2E237947EFFA}.Release|iPhone.Build.0 = Release|Any CPU
		{B0E431C7-2A5B-4701-A2C3-2E237947EFFA}.Release|iPhone.Deploy.0 = Release|Any CPU
		{B0E431C7-2A5B-4701-A2C3-2E237947EFFA}.Release|iPhoneSimulator.ActiveCfg = Release|Any CPU
		{B0E431C7-2A5B-4701-A2C3-2E237947EFFA}.Release|iPhoneSimulator.Build.0 = Release|Any CPU
		{B0E431C7-2A5B-4701-A2C3-2E237947EFFA}.Release|iPhoneSimulator.Deploy.0 = Release|Any CPU
	EndGlobalSection
	GlobalSection(SolutionProperties) = preSolution
		HideSolutionNode = FALSE
	EndGlobalSection
	GlobalSection(ExtensibilityGlobals) = postSolution
		SolutionGuid = {21FA1631-3ECB-4671-B1A3-047633A7E59C}
	EndGlobalSection
EndGlobal
